<?xml version="1.0" encoding="UTF-8" standalone="yes" ?>
<CodeBlocks_project_file>
	<FileVersion major="1" minor="6" />
	<Project>
		<Option title="fp" />
		<Option pch_mode="2" />
		<Option compiler="gcc" />
		<Build>
			<Target title="Debug">
				<Option output="bin/Debug/fp" prefix_auto="1" extension_auto="1" />
				<Option object_output="obj/Debug/" />
				<Option type="1" />
				<Option compiler="gcc" />
				<Compiler>
					<Add option="-g" />
					<Add directory="Sources" />
					<Add directory="src" />
					<Add directory="./" />
				</Compiler>
			</Target>
			<Target title="Release">
				<Option output="bin/Release/fp" prefix_auto="1" extension_auto="1" />
				<Option object_output="obj/Release/" />
				<Option type="1" />
				<Option compiler="gcc" />
				<Compiler>
					<Add option="-O2" />
					<Add directory="Sources" />
					<Add directory="src" />
					<Add directory="./" />
				</Compiler>
				<Linker>
					<Add option="-s" />
				</Linker>
			</Target>
		</Build>
		<Compiler>
			<Add option="-Wall" />
		</Compiler>
		<Unit filename="Bats.cpp" />
		<Unit filename="Bats.h" />
		<Unit filename="Bullet.cpp" />
		<Unit filename="Bullet.h" />
		<Unit filename="DropObject.cpp" />
		<Unit filename="DropObject.h" />
		<Unit filename="Game.cpp" />
		<Unit filename="Game.hpp" />
		<Unit filename="GameCharacter.cpp" />
		<Unit filename="GameCharacter.hpp" />
		<Unit filename="KeyboardController.cpp" />
		<Unit filename="KeyboardController.h" />
		<Unit filename="Settings.h" />
		<Unit filename="State.h" />
		<Unit filename="TextObject.cpp" />
		<Unit filename="TextObject.hpp" />
		<Unit filename="TextureManager.cpp" />
		<Unit filename="TextureManager.hpp" />
		<Unit filename="ThreatObject.cpp" />
		<Unit filename="ThreatObject.h" />
		<Unit filename="main.cpp" />
		<Extensions>
			<lib_finder disable_auto="1" />
		</Extensions>
	</Project>
</CodeBlocks_project_file>
